
Microsoft Visual Studio Solution File, Format Version 12.00
# Visual Studio Version 17
VisualStudioVersion = 17.8.34309.116
MinimumVisualStudioVersion = 10.0.40219.1
Project("{FAE04EC0-301F-11D3-BF4B-00C04F79EFBC}") = "ReunGroopWebApp", "ReunGroopWebApp\ReunGroopWebApp.csproj", "{B1897F71-F764-44DD-9ED7-0998F521A03C}"
EndProject
Global
	GlobalSection(SolutionConfigurationPlatforms) = preSolution
		Debug|Any CPU = Debug|Any CPU
		Release|Any CPU = Release|Any CPU
	EndGlobalSection
	GlobalSection(ProjectConfigurationPlatforms) = postSolution
		{B1897F71-F764-44DD-9ED7-0998F521A03C}.Debug|Any CPU.ActiveCfg = Debug|Any CPU
		{B1897F71-F764-44DD-9ED7-0998F521A03C}.Debug|Any CPU.Build.0 = Debug|Any CPU
		{B1897F71-F764-44DD-9ED7-0998F521A03C}.Release|Any CPU.ActiveCfg = Release|Any CPU
		{B1897F71-F764-44DD-9ED7-0998F521A03C}.Release|Any CPU.Build.0 = Release|Any CPU
	EndGlobalSection
	GlobalSection(SolutionProperties) = preSolution
		HideSolutionNode = FALSE
	EndGlobalSection
	GlobalSection(ExtensibilityGlobals) = postSolution
		SolutionGuid = {D119545E-743E-4838-9D17-DC50D4191282}
	EndGlobalSection
EndGlobal
